{
  "name": "readsb-live-history",
  "version": "0.1.0",
  "lockfileVersion": 3,
  "requires": true,
  "packages": {
    "": {
      "name": "readsb-live-history",
      "version": "0.1.0",
      "license": "UNLICENSED",
      "bin": {
        "readsb-live-history": "bin/readsb-live-history.js"
      },
      "engines": {
        "node": ">=22.5.0"
      }
    }
  }
}
